// !$*UTF8*$!
{
	archiveVersion = 1;
	classes = {
	};
	objectVersion = 55;
	objects = {

/* Begin PBXBuildFile section */
		907EF1E028BBBA7E008A7562 /* DrawApp.swift in Sources */ = {isa = PBXBuildFile; fileRef = 907EF1DF28BBBA7E008A7562 /* DrawApp.swift */; };
		907EF1E228BBBA7E008A7562 /* ContentView.swift in Sources */ = {isa = PBXBuildFile; fileRef = 907EF1E128BBBA7E008A7562 /* ContentView.swift */; };
		907EF1E428BBBA81008A7562 /* Assets.xcassets in Resources */ = {isa = PBXBuildFile; fileRef = 907EF1E328BBBA81008A7562 /* Assets.xcassets */; };
		907EF1E728BBBA81008A7562 /* Preview Assets.xcassets in Resources */ = {isa = PBXBuildFile; fileRef = 907EF1E628BBBA81008A7562 /* Preview Assets.xcassets */; };
		90D1C69928BC917D00B653C3 /* CombineMoya in Frameworks */ = {isa = PBXBuildFile; productRef = 90D1C69828BC917D00B653C3 /* CombineMoya */; };
		90D1C69B28BC917D00B653C3 /* Moya in Frameworks */ = {isa = PBXBuildFile; productRef = 90D1C69A28BC917D00B653C3 /* Moya */; };
		90D1C69D28BC917D00B653C3 /* ReactiveMoya in Frameworks */ = {isa = PBXBuildFile; productRef = 90D1C69C28BC917D00B653C3 /* ReactiveMoya */; };
		90D1C69F28BC917D00B653C3 /* RxMoya in Frameworks */ = {isa = PBXBuildFile; productRef = 90D1C69E28BC917D00B653C3 /* RxMoya */; };
/* End PBXBuildFile section */

/* Begin PBXFileReference section */
		907EF1DC28BBBA7E008A7562 /* Draw.app */ = {isa = PBXFileReference; explicitFileType = wrapper.application; includeInIndex = 0; path = Draw.app; sourceTree = BUILT_PRODUCTS_DIR; };
		907EF1DF28BBBA7E008A7562 /* DrawApp.swift */ = {isa = PBXFileReference; lastKnownFileType = sourcecode.swift; path = DrawApp.swift; sourceTree = "<group>"; };
		907EF1E128BBBA7E008A7562 /* ContentView.swift */ = {isa = PBXFileReference; lastKnownFileType = sourcecode.swift; path = ContentView.swift; sourceTree = "<group>"; };
		907EF1E328BBBA81008A7562 /* Assets.xcassets */ = {isa = PBXFileReference; lastKnownFileType = folder.assetcatalog; path = Assets.xcassets; sourceTree = "<group>"; };
		907EF1E628BBBA81008A7562 /* Preview Assets.xcassets */ = {isa = PBXFileReference; lastKnownFileType = folder.assetcatalog; path = "Preview Assets.xcassets"; sourceTree = "<group>"; };
/* End PBXFileReference section */

/* Begin PBXFrameworksBuildPhase section */
		907EF1D928BBBA7E008A7562 /* Frameworks */ = {
			isa = PBXFrameworksBuildPhase;
			buildActionMask = 2147483647;
			files = (
				90D1C69B28BC917D00B653C3 /* Moya in Frameworks */,
				90D1C69928BC917D00B653C3 /* CombineMoya in Frameworks */,
				90D1C69F28BC917D00B653C3 /* RxMoya in Frameworks */,
				90D1C69D28BC917D00B653C3 /* ReactiveMoya in Frameworks */,
			);
			runOnlyForDeploymentPostprocessing = 0;
		};
/* End PBXFrameworksBuildPhase section */

/* Begin PBXGroup section */
		907EF1D328BBBA7E008A7562 = {
			isa = PBXGroup;
			children = (
				907EF1DE28BBBA7E008A7562 /* Draw */,
				907EF1DD28BBBA7E008A7562 /* Products */,
			);
			sourceTree = "<group>";
		};
		907EF1DD28BBBA7E008A7562 /* Products */ = {
			isa = PBXGroup;
			children = (
				907EF1DC28BBBA7E008A7562 /* Draw.app */,
			);
			name = Products;
			sourceTree = "<group>";
		};
		907EF1DE28BBBA7E008A7562 /* Draw */ = {
			isa = PBXGroup;
			children = (
				907EF1DF28BBBA7E008A7562 /* DrawApp.swift */,
				907EF1E128BBBA7E008A7562 /* ContentView.swift */,
				907EF1E328BBBA81008A7562 /* Assets.xcassets */,
				907EF1E528BBBA81008A7562 /* Preview Content */,
			);
			path = Draw;
			sourceTree = "<group>";
		};
		907EF1E528BBBA81008A7562 /* Preview Content */ = {
			isa = PBXGroup;
			children = (
				907EF1E628BBBA81008A7562 /* Preview Assets.xcassets */,
			);
			path = "Preview Content";
			sourceTree = "<group>";
		};
/* End PBXGroup section */

/* Begin PBXNativeTarget section */
		907EF1DB28BBBA7E008A7562 /* Draw */ = {
			isa = PBXNativeTarget;
			buildConfigurationList = 907EF1EA28BBBA81008A7562 /* Build configuration list for PBXNativeTarget "Draw" */;
			buildPhases = (
				907EF1D828BBBA7E008A7562 /* Sources */,
				907EF1D928BBBA7E008A7562 /* Frameworks */,
				907EF1DA28BBBA7E008A7562 /* Resources */,
			);
			buildRules = (
			);
			dependencies = (
			);
			name = Draw;
			packageProductDependencies = (
				90D1C69828BC917D00B653C3 /* CombineMoya */,
				90D1C69A28BC917D00B653C3 /* Moya */,
				90D1C69C28BC917D00B653C3 /* ReactiveMoya */,
				90D1C69E28BC917D00B653C3 /* RxMoya */,
			);
			productName = Draw;
			productReference = 907EF1DC28BBBA7E008A7562 /* Draw.app */;
			productType = "com.apple.product-type.application";
		};
/* End PBXNativeTarget section */

/* Begin PBXProject section */
		907EF1D428BBBA7E008A7562 /* Project object */ = {
			isa = PBXProject;
			attributes = {
				BuildIndependentTargetsInParallel = 1;
				LastSwiftUpdateCheck = 1340;
				LastUpgradeCheck = 1340;
				TargetAttributes = {
					907EF1DB28BBBA7E008A7562 = {
						CreatedOnToolsVersion = 13.4.1;
					};
				};
			};
			buildConfigurationList = 907EF1D728BBBA7E008A7562 /* Build configuration list for PBXProject "Draw" */;
			compatibilityVersion = "Xcode 13.0";
			developmentRegion = en;
			hasScannedForEncodings = 0;
			knownRegions = (
				en,
				Base,
			);
			mainGroup = 907EF1D328BBBA7E008A7562;
			packageReferences = (
				90D1C69728BC917D00B653C3 /* XCRemoteSwiftPackageReference "Moya" */,
			);
			productRefGroup = 907EF1DD28BBBA7E008A7562 /* Products */;
			projectDirPath = "";
			projectRoot = "";
			targets = (
				907EF1DB28BBBA7E008A7562 /* Draw */,
			);
		};
/* End PBXProject section */

/* Begin PBXResourcesBuildPhase section */
		907EF1DA28BBBA7E008A7562 /* Resources */ = {
			isa = PBXResourcesBuildPhase;
			buildActionMask = 2147483647;
			files = (
				907EF1E728BBBA81008A7562 /* Preview Assets.xcassets in Resources */,
				907EF1E428BBBA81008A7562 /* Assets.xcassets in Resources */,
			);
			runOnlyForDeploymentPostprocessing = 0;
		};
/* End PBXResourcesBuildPhase section */

/* Begin PBXSourcesBuildPhase section */
		907EF1D828BBBA7E008A7562 /* Sources */ = {
			isa = PBXSourcesBuildPhase;
			buildActionMask = 2147483647;
			files = (
				907EF1E228BBBA7E008A7562 /* ContentView.swift in Sources */,
				907EF1E028BBBA7E008A7562 /* DrawApp.swift in Sources */,
			);
			runOnlyForDeploymentPostprocessing = 0;
		};
/* End PBXSourcesBuildPhase section */

/* Begin XCBuildConfiguration section */
		907EF1E828BBBA81008A7562 /* Debug */ = {
			isa = XCBuildConfiguration;
			buildSettings = {
				ALWAYS_SEARCH_USER_PATHS = NO;
				CLANG_ANALYZER_NONNULL = YES;
				CLANG_ANALYZER_NUMBER_OBJECT_CONVERSION = YES_AGGRESSIVE;
				CLANG_CXX_LANGUAGE_STANDARD = "gnu++17";
				CLANG_ENABLE_MODULES = YES;
				CLANG_ENABLE_OBJC_ARC = YES;
				CLANG_ENABLE_OBJC_WEAK = YES;
				CLANG_WARN_BLOCK_CAPTURE_AUTORELEASING = YES;
				CLANG_WARN_BOOL_CONVERSION = YES;
				CLANG_WARN_COMMA = YES;
				CLANG_WARN_CONSTANT_CONVERSION = YES;
				CLANG_WARN_DEPRECATED_OBJC_IMPLEMENTATIONS = YES;
				CLANG_WARN_DIRECT_OBJC_ISA_USAGE = YES_ERROR;
				CLANG_WARN_DOCUMENTATION_COMMENTS = YES;
				CLANG_WARN_EMPTY_BODY = YES;
				CLANG_WARN_ENUM_CONVERSION = YES;
				CLANG_WARN_INFINITE_RECURSION = YES;
				CLANG_WARN_INT_CONVERSION = YES;
				CLANG_WARN_NON_LITERAL_NULL_CONVERSION = YES;
				CLANG_WARN_OBJC_IMPLICIT_RETAIN_SELF = YES;
				CLANG_WARN_OBJC_LITERAL_CONVERSION = YES;
				CLANG_WARN_OBJC_ROOT_CLASS = YES_ERROR;
				CLANG_WARN_QUOTED_INCLUDE_IN_FRAMEWORK_HEADER = YES;
				CLANG_WARN_RANGE_LOOP_ANALYSIS = YES;
				CLANG_WARN_STRICT_PROTOTYPES = YES;
				CLANG_WARN_SUSPICIOUS_MOVE = YES;
				CLANG_WARN_UNGUARDED_AVAILABILITY = YES_AGGRESSIVE;
				CLANG_WARN_UNREACHABLE_CODE = YES;
				CLANG_WARN__DUPLICATE_METHOD_MATCH = YES;
				COPY_PHASE_STRIP = NO;
				DEBUG_INFORMATION_FORMAT = dwarf;
				ENABLE_STRICT_OBJC_MSGSEND = YES;
				ENABLE_TESTABILITY = YES;
				GCC_C_LANGUAGE_STANDARD = gnu11;
				GCC_DYNAMIC_NO_PIC = NO;
				GCC_NO_COMMON_BLOCKS = YES;
				GCC_OPTIMIZATION_LEVEL = 0;
				GCC_PREPROCESSOR_DEFINITIONS = (
					"DEBUG=1",
					"$(inherited)",
				);
				GCC_WARN_64_TO_32_BIT_CONVERSION = YES;
				GCC_WARN_ABOUT_RETURN_TYPE = YES_ERROR;
				GCC_WARN_UNDECLARED_SELECTOR = YES;
				GCC_WARN_UNINITIALIZED_AUTOS = YES_AGGRESSIVE;
				GCC_WARN_UNUSED_FUNCTION = YES;
				GCC_WARN_UNUSED_VARIABLE = YES;
				IPHONEOS_DEPLOYMENT_TARGET = 15.5;
				MTL_ENABLE_DEBUG_INFO = INCLUDE_SOURCE;
				MTL_FAST_MATH = YES;
				ONLY_ACTIVE_ARCH = YES;
				SDKROOT = iphoneos;
				SWIFT_ACTIVE_COMPILATION_CONDITIONS = DEBUG;
				SWIFT_OPTIMIZATION_LEVEL = "-Onone";
			};
			name = Debug;
		};
		907EF1E928BBBA81008A7562 /* Release */ = {
			isa = XCBuildConfiguration;
			buildSettings = {
				ALWAYS_SEARCH_USER_PATHS = NO;
				CLANG_ANALYZER_NONNULL = YES;
				CLANG_ANALYZER_NUMBER_OBJECT_CONVERSION = YES_AGGRESSIVE;
				CLANG_CXX_LANGUAGE_STANDARD = "gnu++17";
				CLANG_ENABLE_MODULES = YES;
				CLANG_ENABLE_OBJC_ARC = YES;
				CLANG_ENABLE_OBJC_WEAK = YES;
				CLANG_WARN_BLOCK_CAPTURE_AUTORELEASING = YES;
				CLANG_WARN_BOOL_CONVERSION = YES;
				CLANG_WARN_COMMA = YES;
				CLANG_WARN_CONSTANT_CONVERSION = YES;
				CLANG_WARN_DEPRECATED_OBJC_IMPLEMENTATIONS = YES;
				CLANG_WARN_DIRECT_OBJC_ISA_USAGE = YES_ERROR;
				CLANG_WARN_DOCUMENTATION_COMMENTS = YES;
				CLANG_WARN_EMPTY_BODY = YES;
				CLANG_WARN_ENUM_CONVERSION = YES;
				CLANG_WARN_INFINITE_RECURSION = YES;
				CLANG_WARN_INT_CONVERSION = YES;
				CLANG_WARN_NON_LITERAL_NULL_CONVERSION = YES;
				CLANG_WARN_OBJC_IMPLICIT_RETAIN_SELF = YES;
				CLANG_WARN_OBJC_LITERAL_CONVERSION = YES;
				CLANG_WARN_OBJC_ROOT_CLASS = YES_ERROR;
				CLANG_WARN_QUOTED_INCLUDE_IN_FRAMEWORK_HEADER = YES;
				CLANG_WARN_RANGE_LOOP_ANALYSIS = YES;
				CLANG_WARN_STRICT_PROTOTYPES = YES;
				CLANG_WARN_SUSPICIOUS_MOVE = YES;
				CLANG_WARN_UNGUARDED_AVAILABILITY = YES_AGGRESSIVE;
				CLANG_WARN_UNREACHABLE_CODE = YES;
				CLANG_WARN__DUPLICATE_METHOD_MATCH = YES;
				COPY_PHASE_STRIP = NO;
				DEBUG_INFORMATION_FORMAT = "dwarf-with-dsym";
				ENABLE_NS_ASSERTIONS = NO;
				ENABLE_STRICT_OBJC_MSGSEND = YES;
				GCC_C_LANGUAGE_STANDARD = gnu11;
				GCC_NO_COMMON_BLOCKS = YES;
				GCC_WARN_64_TO_32_BIT_CONVERSION = YES;
				GCC_WARN_ABOUT_RETURN_TYPE = YES_ERROR;
				GCC_WARN_UNDECLARED_SELECTOR = YES;
				GCC_WARN_UNINITIALIZED_AUTOS = YES_AGGRESSIVE;
				GCC_WARN_UNUSED_FUNCTION = YES;
				GCC_WARN_UNUSED_VARIABLE = YES;
				IPHONEOS_DEPLOYMENT_TARGET = 15.5;
				MTL_ENABLE_DEBUG_INFO = NO;
				MTL_FAST_MATH = YES;
				SDKROOT = iphoneos;
				SWIFT_COMPILATION_MODE = wholemodule;
				SWIFT_OPTIMIZATION_LEVEL = "-O";
				VALIDATE_PRODUCT = YES;
			};
			name = Release;
		};
		907EF1EB28BBBA81008A7562 /* Debug */ = {
			isa = XCBuildConfiguration;
			buildSettings = {
				ASSETCATALOG_COMPILER_APPICON_NAME = AppIcon;
				ASSETCATALOG_COMPILER_GLOBAL_ACCENT_COLOR_NAME = AccentColor;
				CODE_SIGN_STYLE = Automatic;
				CURRENT_PROJECT_VERSION = 1;
				DEVELOPMENT_ASSET_PATHS = "\"Draw/Preview Content\"";
				DEVELOPMENT_TEAM = 63UM6H56P2;
				ENABLE_PREVIEWS = YES;
				GENERATE_INFOPLIST_FILE = YES;
				INFOPLIST_KEY_UIApplicationSceneManifest_Generation = YES;
				INFOPLIST_KEY_UIApplicationSupportsIndirectInputEvents = YES;
				INFOPLIST_KEY_UILaunchScreen_Generation = YES;
				INFOPLIST_KEY_UISupportedInterfaceOrientations_iPad = "UIInterfaceOrientationPortrait UIInterfaceOrientationPortraitUpsideDown UIInterfaceOrientationLandscapeLeft UIInterfaceOrientationLandscapeRight";
				INFOPLIST_KEY_UISupportedInterfaceOrientations_iPhone = "UIInterfaceOrientationPortrait UIInterfaceOrientationLandscapeLeft UIInterfaceOrientationLandscapeRight";
				LD_RUNPATH_SEARCH_PATHS = (
					"$(inherited)",
					"@executable_path/Frameworks",
				);
				MARKETING_VERSION = 1.0;
				PRODUCT_BUNDLE_IDENTIFIER = com.test.Draw;
				PRODUCT_NAME = "$(TARGET_NAME)";
				SWIFT_EMIT_LOC_STRINGS = YES;
				SWIFT_VERSION = 5.0;
				TARGETED_DEVICE_FAMILY = "1,2";
			};
			name = Debug;
		};
		907EF1EC28BBBA81008A7562 /* Release */ = {
			isa = XCBuildConfiguration;
			buildSettings = {
				ASSETCATALOG_COMPILER_APPICON_NAME = AppIcon;
				ASSETCATALOG_COMPILER_GLOBAL_ACCENT_COLOR_NAME = AccentColor;
				CODE_SIGN_STYLE = Automatic;
				CURRENT_PROJECT_VERSION = 1;
				DEVELOPMENT_ASSET_PATHS = "\"Draw/Preview Content\"";
				DEVELOPMENT_TEAM = 63UM6H56P2;
				ENABLE_PREVIEWS = YES;
				GENERATE_INFOPLIST_FILE = YES;
				INFOPLIST_KEY_UIApplicationSceneManifest_Generation = YES;
				INFOPLIST_KEY_UIApplicationSupportsIndirectInputEvents = YES;
				INFOPLIST_KEY_UILaunchScreen_Generation = YES;
				INFOPLIST_KEY_UISupportedInterfaceOrientations_iPad = "UIInterfaceOrientationPortrait UIInterfaceOrientationPortraitUpsideDown UIInterfaceOrientationLandscapeLeft UIInterfaceOrientationLandscapeRight";
				INFOPLIST_KEY_UISupportedInterfaceOrientations_iPhone = "UIInterfaceOrientationPortrait UIInterfaceOrientationLandscapeLeft UIInterfaceOrientationLandscapeRight";
				LD_RUNPATH_SEARCH_PATHS = (
					"$(inherited)",
					"@executable_path/Frameworks",
				);
				MARKETING_VERSION = 1.0;
				PRODUCT_BUNDLE_IDENTIFIER = com.test.Draw;
				PRODUCT_NAME = "$(TARGET_NAME)";
				SWIFT_EMIT_LOC_STRINGS = YES;
				SWIFT_VERSION = 5.0;
				TARGETED_DEVICE_FAMILY = "1,2";
			};
			name = Release;
		};
/* End XCBuildConfiguration section */

/* Begin XCConfigurationList section */
		907EF1D728BBBA7E008A7562 /* Build configuration list for PBXProject "Draw" */ = {
			isa = XCConfigurationList;
			buildConfigurations = (
				907EF1E828BBBA81008A7562 /* Debug */,
				907EF1E928BBBA81008A7562 /* Release */,
			);
			defaultConfigurationIsVisible = 0;
			defaultConfigurationName = Release;
		};
		907EF1EA28BBBA81008A7562 /* Build configuration list for PBXNativeTarget "Draw" */ = {
			isa = XCConfigurationList;
			buildConfigurations = (
				907EF1EB28BBBA81008A7562 /* Debug */,
				907EF1EC28BBBA81008A7562 /* Release */,
			);
			defaultConfigurationIsVisible = 0;
			defaultConfigurationName = Release;
		};
/* End XCConfigurationList section */

/* Begin XCRemoteSwiftPackageReference section */
		90D1C69728BC917D00B653C3 /* XCRemoteSwiftPackageReference "Moya" */ = {
			isa = XCRemoteSwiftPackageReference;
			repositoryURL = "https://github.com/Moya/Moya.git";
			requirement = {
				branch = master;
				kind = branch;
			};
		};
/* End XCRemoteSwiftPackageReference section */

/* Begin XCSwiftPackageProductDependency section */
		90D1C69828BC917D00B653C3 /* CombineMoya */ = {
			isa = XCSwiftPackageProductDependency;
			package = 90D1C69728BC917D00B653C3 /* XCRemoteSwiftPackageReference "Moya" */;
			productName = CombineMoya;
		};
		90D1C69A28BC917D00B653C3 /* Moya */ = {
			isa = XCSwiftPackageProductDependency;
			package = 90D1C69728BC917D00B653C3 /* XCRemoteSwiftPackageReference "Moya" */;
			productName = Moya;
		};
		90D1C69C28BC917D00B653C3 /* ReactiveMoya */ = {
			isa = XCSwiftPackageProductDependency;
			package = 90D1C69728BC917D00B653C3 /* XCRemoteSwiftPackageReference "Moya" */;
			productName = ReactiveMoya;
		};
		90D1C69E28BC917D00B653C3 /* RxMoya */ = {
			isa = XCSwiftPackageProductDependency;
			package = 90D1C69728BC917D00B653C3 /* XCRemoteSwiftPackageReference "Moya" */;
			productName = RxMoya;
		};
/* End XCSwiftPackageProductDependency section */
	};
	rootObject = 907EF1D428BBBA7E008A7562 /* Project object */;
}
