// !$*UTF8*$!
{
	archiveVersion = 1;
	classes = {
	};
	objectVersion = 55;
	objects = {

/* Begin PBXBuildFile section */
		4B7F0AAA28BEE25900BBA52D /* PostClient.swift in Sources */ = {isa = PBXBuildFile; fileRef = 4B7F0AA928BEE25900BBA52D /* PostClient.swift */; };
		4B7F0AAD28BEF0C300BBA52D /* Header.swift in Sources */ = {isa = PBXBuildFile; fileRef = 4B7F0AAC28BEF0C300BBA52D /* Header.swift */; };
		4BC8991828DA8CA000189553 /* TokenAuthViewModel.swift in Sources */ = {isa = PBXBuildFile; fileRef = 4BC8990628DA8CA000189553 /* TokenAuthViewModel.swift */; };
		4BC8991928DA8CA000189553 /* LoginViewModel.swift in Sources */ = {isa = PBXBuildFile; fileRef = 4BC8990728DA8CA000189553 /* LoginViewModel.swift */; };
		4BC8991A28DA8CA000189553 /* ChangeMyInfoViewModel.swift in Sources */ = {isa = PBXBuildFile; fileRef = 4BC8990928DA8CA000189553 /* ChangeMyInfoViewModel.swift */; };
		4BC8991B28DA8CA000189553 /* ChangePasswordViewModel.swift in Sources */ = {isa = PBXBuildFile; fileRef = 4BC8990A28DA8CA000189553 /* ChangePasswordViewModel.swift */; };
		4BC8991C28DA8CA000189553 /* LogOutViewModel.swift in Sources */ = {isa = PBXBuildFile; fileRef = 4BC8990B28DA8CA000189553 /* LogOutViewModel.swift */; };
		4BC8991D28DA8CA000189553 /* FindPasswordEmailViewModel.swift in Sources */ = {isa = PBXBuildFile; fileRef = 4BC8990C28DA8CA000189553 /* FindPasswordEmailViewModel.swift */; };
		4BC8991E28DA8CA000189553 /* QuitAccountViewModel.swift in Sources */ = {isa = PBXBuildFile; fileRef = 4BC8990D28DA8CA000189553 /* QuitAccountViewModel.swift */; };
		4BC8991F28DA8CA000189553 /* SignUpViewModel.swift in Sources */ = {isa = PBXBuildFile; fileRef = 4BC8990F28DA8CA000189553 /* SignUpViewModel.swift */; };
		4BC8992028DA8CA000189553 /* SignUpValueCheckViewModel.swift in Sources */ = {isa = PBXBuildFile; fileRef = 4BC8991028DA8CA000189553 /* SignUpValueCheckViewModel.swift */; };
		4BC8992128DA8CA000189553 /* GetMyProfileViewModel.swift in Sources */ = {isa = PBXBuildFile; fileRef = 4BC8991228DA8CA000189553 /* GetMyProfileViewModel.swift */; };
		4BC8992228DA8CA000189553 /* GetUserProfileViewModel.swift in Sources */ = {isa = PBXBuildFile; fileRef = 4BC8991328DA8CA000189553 /* GetUserProfileViewModel.swift */; };
		4BC8992328DA8CA000189553 /* EmailDuplicateViewModel.swift in Sources */ = {isa = PBXBuildFile; fileRef = 4BC8991528DA8CA000189553 /* EmailDuplicateViewModel.swift */; };
		4BC8992428DA8CA000189553 /* SendEmailViewModel.swift in Sources */ = {isa = PBXBuildFile; fileRef = 4BC8991628DA8CA000189553 /* SendEmailViewModel.swift */; };
		4BC8992528DA8CA000189553 /* EmailVerifyViewModel.swift in Sources */ = {isa = PBXBuildFile; fileRef = 4BC8991728DA8CA000189553 /* EmailVerifyViewModel.swift */; };
		4BC8992A28DA8CD800189553 /* SignUpEmailVerifyView.swift in Sources */ = {isa = PBXBuildFile; fileRef = 4BC8992728DA8CD800189553 /* SignUpEmailVerifyView.swift */; };
		4BC8992B28DA8CD800189553 /* signUpSuccessView.swift in Sources */ = {isa = PBXBuildFile; fileRef = 4BC8992828DA8CD800189553 /* signUpSuccessView.swift */; };
		4BC8992C28DA8CD800189553 /* SignUpView.swift in Sources */ = {isa = PBXBuildFile; fileRef = 4BC8992928DA8CD800189553 /* SignUpView.swift */; };
		4BC8992E28DA8D0700189553 /* UserClient.swift in Sources */ = {isa = PBXBuildFile; fileRef = 4BC8992D28DA8D0700189553 /* UserClient.swift */; };
		4BC8993128DA973000189553 /* MoyaLoggerPlugin.swift in Sources */ = {isa = PBXBuildFile; fileRef = 4BC8993028DA973000189553 /* MoyaLoggerPlugin.swift */; };
		4BC8993628DC3E7400189553 /* Preview Assets.xcassets in Resources */ = {isa = PBXBuildFile; fileRef = 4BC8993528DC3E7400189553 /* Preview Assets.xcassets */; };
		4BE1C61028CDE9B60052AE3D /* Pretendard-Black.otf in Resources */ = {isa = PBXBuildFile; fileRef = 4BE1C60728CDE9B60052AE3D /* Pretendard-Black.otf */; };
		4BE1C61128CDE9B60052AE3D /* Pretendard-Regular.otf in Resources */ = {isa = PBXBuildFile; fileRef = 4BE1C60828CDE9B60052AE3D /* Pretendard-Regular.otf */; };
		4BE1C61228CDE9B60052AE3D /* Pretendard-ExtraBold.otf in Resources */ = {isa = PBXBuildFile; fileRef = 4BE1C60928CDE9B60052AE3D /* Pretendard-ExtraBold.otf */; };
		4BE1C61328CDE9B60052AE3D /* Pretendard-Thin.otf in Resources */ = {isa = PBXBuildFile; fileRef = 4BE1C60A28CDE9B60052AE3D /* Pretendard-Thin.otf */; };
		4BE1C61428CDE9B60052AE3D /* Pretendard-Light.otf in Resources */ = {isa = PBXBuildFile; fileRef = 4BE1C60B28CDE9B60052AE3D /* Pretendard-Light.otf */; };
		4BE1C61528CDE9B60052AE3D /* Pretendard-Bold.otf in Resources */ = {isa = PBXBuildFile; fileRef = 4BE1C60C28CDE9B60052AE3D /* Pretendard-Bold.otf */; };
		4BE1C61628CDE9B60052AE3D /* Pretendard-SemiBold.otf in Resources */ = {isa = PBXBuildFile; fileRef = 4BE1C60D28CDE9B60052AE3D /* Pretendard-SemiBold.otf */; };
		4BE1C61728CDE9B60052AE3D /* Pretendard-ExtraLight.otf in Resources */ = {isa = PBXBuildFile; fileRef = 4BE1C60E28CDE9B60052AE3D /* Pretendard-ExtraLight.otf */; };
		4BE1C61828CDE9B60052AE3D /* Pretendard-Medium.otf in Resources */ = {isa = PBXBuildFile; fileRef = 4BE1C60F28CDE9B60052AE3D /* Pretendard-Medium.otf */; };
		4BE919CC28CEF0C40002A268 /* ChangePasswordVerify.swift in Sources */ = {isa = PBXBuildFile; fileRef = 4BE919CB28CEF0C40002A268 /* ChangePasswordVerify.swift */; };
		4BE919CE28CEF0CF0002A268 /* EnterNewPassword.swift in Sources */ = {isa = PBXBuildFile; fileRef = 4BE919CD28CEF0CE0002A268 /* EnterNewPassword.swift */; };
		4BE919D028CEF0D60002A268 /* ChangePasswordSuccess.swift in Sources */ = {isa = PBXBuildFile; fileRef = 4BE919CF28CEF0D60002A268 /* ChangePasswordSuccess.swift */; };
		4BE919D428CF65880002A268 /* TokenModel.swift in Sources */ = {isa = PBXBuildFile; fileRef = 4BE919D328CF65880002A268 /* TokenModel.swift */; };
		4BE919D728CF678A0002A268 /* ErrorModel.swift in Sources */ = {isa = PBXBuildFile; fileRef = 4BE919D628CF678A0002A268 /* ErrorModel.swift */; };
		9001F5FC28D3931700EC1F23 /* HomeViewModel.swift in Sources */ = {isa = PBXBuildFile; fileRef = 9001F5FB28D3931700EC1F23 /* HomeViewModel.swift */; };
		900990A828CDDBA300FD9462 /* MyPost.swift in Sources */ = {isa = PBXBuildFile; fileRef = 900990A728CDDBA300FD9462 /* MyPost.swift */; };
		900990AA28CE3E7E00FD9462 /* SignInView.swift in Sources */ = {isa = PBXBuildFile; fileRef = 900990A928CE3E7E00FD9462 /* SignInView.swift */; };
		900990EB28D033C000FD9462 /* MyProfileModel.swift in Sources */ = {isa = PBXBuildFile; fileRef = 900990EA28D033C000FD9462 /* MyProfileModel.swift */; };
		900990EF28D04EE700FD9462 /* MyPostModel.swift in Sources */ = {isa = PBXBuildFile; fileRef = 900990EE28D04EE700FD9462 /* MyPostModel.swift */; };
		900990F128D0586C00FD9462 /* PostDetailModel.swift in Sources */ = {isa = PBXBuildFile; fileRef = 900990F028D0586C00FD9462 /* PostDetailModel.swift */; };
		900990F728D05D7400FD9462 /* UploadImageModel.swift in Sources */ = {isa = PBXBuildFile; fileRef = 900990F628D05D7400FD9462 /* UploadImageModel.swift */; };
		9039DBCB28DC944A00BE988C /* SocketIO in Frameworks */ = {isa = PBXBuildFile; productRef = 9039DBCA28DC944A00BE988C /* SocketIO */; };
		9039DBCD28DC9E3C00BE988C /* SwiftUIView.swift in Sources */ = {isa = PBXBuildFile; fileRef = 9039DBCC28DC9E3C00BE988C /* SwiftUIView.swift */; };
		906908AE28CDC49C00BBF0B7 /* Developers.swift in Sources */ = {isa = PBXBuildFile; fileRef = 906908AD28CDC49C00BBF0B7 /* Developers.swift */; };
		907EF1E028BBBA7E008A7562 /* DrawApp.swift in Sources */ = {isa = PBXBuildFile; fileRef = 907EF1DF28BBBA7E008A7562 /* DrawApp.swift */; };
		907EF1E228BBBA7E008A7562 /* ContentView.swift in Sources */ = {isa = PBXBuildFile; fileRef = 907EF1E128BBBA7E008A7562 /* ContentView.swift */; };
		907EF1E428BBBA81008A7562 /* Assets.xcassets in Resources */ = {isa = PBXBuildFile; fileRef = 907EF1E328BBBA81008A7562 /* Assets.xcassets */; };
		908ED77128CA5A4600763AC9 /* Launch Screen.storyboard in Resources */ = {isa = PBXBuildFile; fileRef = 908ED77028CA5A4600763AC9 /* Launch Screen.storyboard */; };
		908ED77428CB789100763AC9 /* EditInfo.swift in Sources */ = {isa = PBXBuildFile; fileRef = 908ED77328CB789100763AC9 /* EditInfo.swift */; };
		90A05CAD28D0B78C0031E71B /* PostViewModel.swift in Sources */ = {isa = PBXBuildFile; fileRef = 90A05CAC28D0B78C0031E71B /* PostViewModel.swift */; };
		90A05CBB28D300CD0031E71B /* UserProfileModel.swift in Sources */ = {isa = PBXBuildFile; fileRef = 90A05CBA28D300CD0031E71B /* UserProfileModel.swift */; };
		90A05CBD28D304220031E71B /* UserPostModel.swift in Sources */ = {isa = PBXBuildFile; fileRef = 90A05CBC28D304220031E71B /* UserPostModel.swift */; };
		90A05CBF28D306040031E71B /* TagListModel.swift in Sources */ = {isa = PBXBuildFile; fileRef = 90A05CBE28D306040031E71B /* TagListModel.swift */; };
		90C50A5328CC8254007EA639 /* DeleteAccount.swift in Sources */ = {isa = PBXBuildFile; fileRef = 90C50A5228CC8254007EA639 /* DeleteAccount.swift */; };
		90C50A5728CCBE8C007EA639 /* PostDetail.swift in Sources */ = {isa = PBXBuildFile; fileRef = 90C50A5628CCBE8C007EA639 /* PostDetail.swift */; };
		90D1C6E228BF6DBA00B653C3 /* TabBarView.swift in Sources */ = {isa = PBXBuildFile; fileRef = 90D1C6E128BF6DBA00B653C3 /* TabBarView.swift */; };
		90D1C6E428BF6E1300B653C3 /* ShowView.swift in Sources */ = {isa = PBXBuildFile; fileRef = 90D1C6E328BF6E1300B653C3 /* ShowView.swift */; };
		90D1C6E628BF6E2300B653C3 /* HomeView.swift in Sources */ = {isa = PBXBuildFile; fileRef = 90D1C6E528BF6E2300B653C3 /* HomeView.swift */; };
		90D1C6E828BF6E3000B653C3 /* WritingView.swift in Sources */ = {isa = PBXBuildFile; fileRef = 90D1C6E728BF6E3000B653C3 /* WritingView.swift */; };
		90D1C6EA28BF6E3D00B653C3 /* MyView.swift in Sources */ = {isa = PBXBuildFile; fileRef = 90D1C6E928BF6E3D00B653C3 /* MyView.swift */; };
		90D1C6EC28BF7C8E00B653C3 /* SearchView.swift in Sources */ = {isa = PBXBuildFile; fileRef = 90D1C6EB28BF7C8E00B653C3 /* SearchView.swift */; };
		90E9557D28DC04F1005132C9 /* SkeletonUI in Frameworks */ = {isa = PBXBuildFile; productRef = 90E9557C28DC04F1005132C9 /* SkeletonUI */; };
		90EC085128D873AD00E34BCE /* Kingfisher in Frameworks */ = {isa = PBXBuildFile; productRef = 90EC085028D873AD00E34BCE /* Kingfisher */; };
		90EC085C28D9947F00E34BCE /* SwiftUIPullToRefresh in Frameworks */ = {isa = PBXBuildFile; productRef = 90EC085B28D9947F00E34BCE /* SwiftUIPullToRefresh */; };
		90EC085E28D9AE5A00E34BCE /* SearchViewModel.swift in Sources */ = {isa = PBXBuildFile; fileRef = 90EC085D28D9AE5A00E34BCE /* SearchViewModel.swift */; };
		90EC086228D9D64400E34BCE /* MyViewModel.swift in Sources */ = {isa = PBXBuildFile; fileRef = 90EC086128D9D64400E34BCE /* MyViewModel.swift */; };
		90EC086428DA9FDD00E34BCE /* EditPostView.swift in Sources */ = {isa = PBXBuildFile; fileRef = 90EC086328DA9FDD00E34BCE /* EditPostView.swift */; };
		90EC086628DAA03700E34BCE /* EditPostViewModel.swift in Sources */ = {isa = PBXBuildFile; fileRef = 90EC086528DAA03700E34BCE /* EditPostViewModel.swift */; };
		90FCBE0228D4C0F400E0A9E3 /* CombineMoya in Frameworks */ = {isa = PBXBuildFile; productRef = 90FCBE0128D4C0F400E0A9E3 /* CombineMoya */; };
		90FCBE0428D4C0F400E0A9E3 /* Moya in Frameworks */ = {isa = PBXBuildFile; productRef = 90FCBE0328D4C0F400E0A9E3 /* Moya */; };
		90FCBE0628D4C0F400E0A9E3 /* ReactiveMoya in Frameworks */ = {isa = PBXBuildFile; productRef = 90FCBE0528D4C0F400E0A9E3 /* ReactiveMoya */; };
		90FCBE0828D4C0F400E0A9E3 /* RxMoya in Frameworks */ = {isa = PBXBuildFile; productRef = 90FCBE0728D4C0F400E0A9E3 /* RxMoya */; };
		90FCBE0B28D4C12700E0A9E3 /* SwiftUIFlowLayout in Frameworks */ = {isa = PBXBuildFile; productRef = 90FCBE0A28D4C12700E0A9E3 /* SwiftUIFlowLayout */; };
		90FCBE0F28D4C12700E0A9E3 /* PostDetailViewModel.swift in Sources */ = {isa = PBXBuildFile; fileRef = 90FCBE0E28D4C12700E0A9E3 /* PostDetailViewModel.swift */; };
/* End PBXBuildFile section */

/* Begin PBXFileReference section */
		4B7F0AA928BEE25900BBA52D /* PostClient.swift */ = {isa = PBXFileReference; lastKnownFileType = sourcecode.swift; path = PostClient.swift; sourceTree = "<group>"; };
		4B7F0AAC28BEF0C300BBA52D /* Header.swift */ = {isa = PBXFileReference; lastKnownFileType = sourcecode.swift; path = Header.swift; sourceTree = "<group>"; };
		4BC8990628DA8CA000189553 /* TokenAuthViewModel.swift */ = {isa = PBXFileReference; fileEncoding = 4; lastKnownFileType = sourcecode.swift; path = TokenAuthViewModel.swift; sourceTree = "<group>"; };
		4BC8990728DA8CA000189553 /* LoginViewModel.swift */ = {isa = PBXFileReference; fileEncoding = 4; lastKnownFileType = sourcecode.swift; path = LoginViewModel.swift; sourceTree = "<group>"; };
		4BC8990928DA8CA000189553 /* ChangeMyInfoViewModel.swift */ = {isa = PBXFileReference; fileEncoding = 4; lastKnownFileType = sourcecode.swift; path = ChangeMyInfoViewModel.swift; sourceTree = "<group>"; };
		4BC8990A28DA8CA000189553 /* ChangePasswordViewModel.swift */ = {isa = PBXFileReference; fileEncoding = 4; lastKnownFileType = sourcecode.swift; path = ChangePasswordViewModel.swift; sourceTree = "<group>"; };
		4BC8990B28DA8CA000189553 /* LogOutViewModel.swift */ = {isa = PBXFileReference; fileEncoding = 4; lastKnownFileType = sourcecode.swift; path = LogOutViewModel.swift; sourceTree = "<group>"; };
		4BC8990C28DA8CA000189553 /* FindPasswordEmailViewModel.swift */ = {isa = PBXFileReference; fileEncoding = 4; lastKnownFileType = sourcecode.swift; path = FindPasswordEmailViewModel.swift; sourceTree = "<group>"; };
		4BC8990D28DA8CA000189553 /* QuitAccountViewModel.swift */ = {isa = PBXFileReference; fileEncoding = 4; lastKnownFileType = sourcecode.swift; path = QuitAccountViewModel.swift; sourceTree = "<group>"; };
		4BC8990F28DA8CA000189553 /* SignUpViewModel.swift */ = {isa = PBXFileReference; fileEncoding = 4; lastKnownFileType = sourcecode.swift; path = SignUpViewModel.swift; sourceTree = "<group>"; };
		4BC8991028DA8CA000189553 /* SignUpValueCheckViewModel.swift */ = {isa = PBXFileReference; fileEncoding = 4; lastKnownFileType = sourcecode.swift; path = SignUpValueCheckViewModel.swift; sourceTree = "<group>"; };
		4BC8991228DA8CA000189553 /* GetMyProfileViewModel.swift */ = {isa = PBXFileReference; fileEncoding = 4; lastKnownFileType = sourcecode.swift; path = GetMyProfileViewModel.swift; sourceTree = "<group>"; };
		4BC8991328DA8CA000189553 /* GetUserProfileViewModel.swift */ = {isa = PBXFileReference; fileEncoding = 4; lastKnownFileType = sourcecode.swift; path = GetUserProfileViewModel.swift; sourceTree = "<group>"; };
		4BC8991528DA8CA000189553 /* EmailDuplicateViewModel.swift */ = {isa = PBXFileReference; fileEncoding = 4; lastKnownFileType = sourcecode.swift; path = EmailDuplicateViewModel.swift; sourceTree = "<group>"; };
		4BC8991628DA8CA000189553 /* SendEmailViewModel.swift */ = {isa = PBXFileReference; fileEncoding = 4; lastKnownFileType = sourcecode.swift; path = SendEmailViewModel.swift; sourceTree = "<group>"; };
		4BC8991728DA8CA000189553 /* EmailVerifyViewModel.swift */ = {isa = PBXFileReference; fileEncoding = 4; lastKnownFileType = sourcecode.swift; path = EmailVerifyViewModel.swift; sourceTree = "<group>"; };
		4BC8992728DA8CD800189553 /* SignUpEmailVerifyView.swift */ = {isa = PBXFileReference; fileEncoding = 4; lastKnownFileType = sourcecode.swift; path = SignUpEmailVerifyView.swift; sourceTree = "<group>"; };
		4BC8992828DA8CD800189553 /* signUpSuccessView.swift */ = {isa = PBXFileReference; fileEncoding = 4; lastKnownFileType = sourcecode.swift; path = signUpSuccessView.swift; sourceTree = "<group>"; };
		4BC8992928DA8CD800189553 /* SignUpView.swift */ = {isa = PBXFileReference; fileEncoding = 4; lastKnownFileType = sourcecode.swift; path = SignUpView.swift; sourceTree = "<group>"; };
		4BC8992D28DA8D0700189553 /* UserClient.swift */ = {isa = PBXFileReference; fileEncoding = 4; lastKnownFileType = sourcecode.swift; path = UserClient.swift; sourceTree = "<group>"; };
		4BC8993028DA973000189553 /* MoyaLoggerPlugin.swift */ = {isa = PBXFileReference; lastKnownFileType = sourcecode.swift; path = MoyaLoggerPlugin.swift; sourceTree = "<group>"; };
		4BC8993528DC3E7400189553 /* Preview Assets.xcassets */ = {isa = PBXFileReference; lastKnownFileType = folder.assetcatalog; path = "Preview Assets.xcassets"; sourceTree = "<group>"; };
		4BE1C60728CDE9B60052AE3D /* Pretendard-Black.otf */ = {isa = PBXFileReference; lastKnownFileType = file; path = "Pretendard-Black.otf"; sourceTree = "<group>"; };
		4BE1C60828CDE9B60052AE3D /* Pretendard-Regular.otf */ = {isa = PBXFileReference; lastKnownFileType = file; path = "Pretendard-Regular.otf"; sourceTree = "<group>"; };
		4BE1C60928CDE9B60052AE3D /* Pretendard-ExtraBold.otf */ = {isa = PBXFileReference; lastKnownFileType = file; path = "Pretendard-ExtraBold.otf"; sourceTree = "<group>"; };
		4BE1C60A28CDE9B60052AE3D /* Pretendard-Thin.otf */ = {isa = PBXFileReference; lastKnownFileType = file; path = "Pretendard-Thin.otf"; sourceTree = "<group>"; };
		4BE1C60B28CDE9B60052AE3D /* Pretendard-Light.otf */ = {isa = PBXFileReference; lastKnownFileType = file; path = "Pretendard-Light.otf"; sourceTree = "<group>"; };
		4BE1C60C28CDE9B60052AE3D /* Pretendard-Bold.otf */ = {isa = PBXFileReference; lastKnownFileType = file; path = "Pretendard-Bold.otf"; sourceTree = "<group>"; };
		4BE1C60D28CDE9B60052AE3D /* Pretendard-SemiBold.otf */ = {isa = PBXFileReference; lastKnownFileType = file; path = "Pretendard-SemiBold.otf"; sourceTree = "<group>"; };
		4BE1C60E28CDE9B60052AE3D /* Pretendard-ExtraLight.otf */ = {isa = PBXFileReference; lastKnownFileType = file; path = "Pretendard-ExtraLight.otf"; sourceTree = "<group>"; };
		4BE1C60F28CDE9B60052AE3D /* Pretendard-Medium.otf */ = {isa = PBXFileReference; lastKnownFileType = file; path = "Pretendard-Medium.otf"; sourceTree = "<group>"; };
		4BE919CB28CEF0C40002A268 /* ChangePasswordVerify.swift */ = {isa = PBXFileReference; fileEncoding = 4; lastKnownFileType = sourcecode.swift; path = ChangePasswordVerify.swift; sourceTree = "<group>"; };
		4BE919CD28CEF0CE0002A268 /* EnterNewPassword.swift */ = {isa = PBXFileReference; fileEncoding = 4; lastKnownFileType = sourcecode.swift; path = EnterNewPassword.swift; sourceTree = "<group>"; };
		4BE919CF28CEF0D60002A268 /* ChangePasswordSuccess.swift */ = {isa = PBXFileReference; fileEncoding = 4; lastKnownFileType = sourcecode.swift; path = ChangePasswordSuccess.swift; sourceTree = "<group>"; };
		4BE919D328CF65880002A268 /* TokenModel.swift */ = {isa = PBXFileReference; lastKnownFileType = sourcecode.swift; path = TokenModel.swift; sourceTree = "<group>"; };
		4BE919D628CF678A0002A268 /* ErrorModel.swift */ = {isa = PBXFileReference; lastKnownFileType = sourcecode.swift; path = ErrorModel.swift; sourceTree = "<group>"; };
		9001F5FB28D3931700EC1F23 /* HomeViewModel.swift */ = {isa = PBXFileReference; lastKnownFileType = sourcecode.swift; path = HomeViewModel.swift; sourceTree = "<group>"; };
		900990A728CDDBA300FD9462 /* MyPost.swift */ = {isa = PBXFileReference; lastKnownFileType = sourcecode.swift; path = MyPost.swift; sourceTree = "<group>"; };
		900990A928CE3E7E00FD9462 /* SignInView.swift */ = {isa = PBXFileReference; lastKnownFileType = sourcecode.swift; path = SignInView.swift; sourceTree = "<group>"; };
		900990EA28D033C000FD9462 /* MyProfileModel.swift */ = {isa = PBXFileReference; lastKnownFileType = sourcecode.swift; path = MyProfileModel.swift; sourceTree = "<group>"; };
		900990EE28D04EE700FD9462 /* MyPostModel.swift */ = {isa = PBXFileReference; lastKnownFileType = sourcecode.swift; path = MyPostModel.swift; sourceTree = "<group>"; };
		900990F028D0586C00FD9462 /* PostDetailModel.swift */ = {isa = PBXFileReference; lastKnownFileType = sourcecode.swift; path = PostDetailModel.swift; sourceTree = "<group>"; };
		900990F628D05D7400FD9462 /* UploadImageModel.swift */ = {isa = PBXFileReference; lastKnownFileType = sourcecode.swift; path = UploadImageModel.swift; sourceTree = "<group>"; };
		9039DBCC28DC9E3C00BE988C /* SwiftUIView.swift */ = {isa = PBXFileReference; lastKnownFileType = sourcecode.swift; path = SwiftUIView.swift; sourceTree = "<group>"; };
		906908AD28CDC49C00BBF0B7 /* Developers.swift */ = {isa = PBXFileReference; lastKnownFileType = sourcecode.swift; path = Developers.swift; sourceTree = "<group>"; };
		907EF1DC28BBBA7E008A7562 /* Togather.app */ = {isa = PBXFileReference; explicitFileType = wrapper.application; includeInIndex = 0; path = Togather.app; sourceTree = BUILT_PRODUCTS_DIR; };
		907EF1DF28BBBA7E008A7562 /* DrawApp.swift */ = {isa = PBXFileReference; lastKnownFileType = sourcecode.swift; path = DrawApp.swift; sourceTree = "<group>"; };
		907EF1E128BBBA7E008A7562 /* ContentView.swift */ = {isa = PBXFileReference; lastKnownFileType = sourcecode.swift; path = ContentView.swift; sourceTree = "<group>"; };
		907EF1E328BBBA81008A7562 /* Assets.xcassets */ = {isa = PBXFileReference; lastKnownFileType = folder.assetcatalog; path = Assets.xcassets; sourceTree = "<group>"; };
		908ED77028CA5A4600763AC9 /* Launch Screen.storyboard */ = {isa = PBXFileReference; lastKnownFileType = file.storyboard; path = "Launch Screen.storyboard"; sourceTree = "<group>"; };
		908ED77328CB789100763AC9 /* EditInfo.swift */ = {isa = PBXFileReference; lastKnownFileType = sourcecode.swift; path = EditInfo.swift; sourceTree = "<group>"; };
		90A05CAC28D0B78C0031E71B /* PostViewModel.swift */ = {isa = PBXFileReference; lastKnownFileType = sourcecode.swift; path = PostViewModel.swift; sourceTree = "<group>"; };
		90A05CBA28D300CD0031E71B /* UserProfileModel.swift */ = {isa = PBXFileReference; lastKnownFileType = sourcecode.swift; path = UserProfileModel.swift; sourceTree = "<group>"; };
		90A05CBC28D304220031E71B /* UserPostModel.swift */ = {isa = PBXFileReference; lastKnownFileType = sourcecode.swift; path = UserPostModel.swift; sourceTree = "<group>"; };
		90A05CBE28D306040031E71B /* TagListModel.swift */ = {isa = PBXFileReference; lastKnownFileType = sourcecode.swift; path = TagListModel.swift; sourceTree = "<group>"; };
		90C50A5228CC8254007EA639 /* DeleteAccount.swift */ = {isa = PBXFileReference; lastKnownFileType = sourcecode.swift; path = DeleteAccount.swift; sourceTree = "<group>"; };
		90C50A5628CCBE8C007EA639 /* PostDetail.swift */ = {isa = PBXFileReference; lastKnownFileType = sourcecode.swift; path = PostDetail.swift; sourceTree = "<group>"; };
		90D1C6E128BF6DBA00B653C3 /* TabBarView.swift */ = {isa = PBXFileReference; lastKnownFileType = sourcecode.swift; path = TabBarView.swift; sourceTree = "<group>"; };
		90D1C6E328BF6E1300B653C3 /* ShowView.swift */ = {isa = PBXFileReference; lastKnownFileType = sourcecode.swift; path = ShowView.swift; sourceTree = "<group>"; };
		90D1C6E528BF6E2300B653C3 /* HomeView.swift */ = {isa = PBXFileReference; lastKnownFileType = sourcecode.swift; path = HomeView.swift; sourceTree = "<group>"; };
		90D1C6E728BF6E3000B653C3 /* WritingView.swift */ = {isa = PBXFileReference; lastKnownFileType = sourcecode.swift; path = WritingView.swift; sourceTree = "<group>"; };
		90D1C6E928BF6E3D00B653C3 /* MyView.swift */ = {isa = PBXFileReference; lastKnownFileType = sourcecode.swift; path = MyView.swift; sourceTree = "<group>"; };
		90D1C6EB28BF7C8E00B653C3 /* SearchView.swift */ = {isa = PBXFileReference; lastKnownFileType = sourcecode.swift; path = SearchView.swift; sourceTree = "<group>"; };
		90D1C70028BF9BF000B653C3 /* Info.plist */ = {isa = PBXFileReference; lastKnownFileType = text.plist; path = Info.plist; sourceTree = "<group>"; };
		90EC085D28D9AE5A00E34BCE /* SearchViewModel.swift */ = {isa = PBXFileReference; lastKnownFileType = sourcecode.swift; path = SearchViewModel.swift; sourceTree = "<group>"; };
		90EC086128D9D64400E34BCE /* MyViewModel.swift */ = {isa = PBXFileReference; lastKnownFileType = sourcecode.swift; path = MyViewModel.swift; sourceTree = "<group>"; };
		90EC086328DA9FDD00E34BCE /* EditPostView.swift */ = {isa = PBXFileReference; lastKnownFileType = sourcecode.swift; path = EditPostView.swift; sourceTree = "<group>"; };
		90EC086528DAA03700E34BCE /* EditPostViewModel.swift */ = {isa = PBXFileReference; lastKnownFileType = sourcecode.swift; path = EditPostViewModel.swift; sourceTree = "<group>"; };
		90FCBE0E28D4C12700E0A9E3 /* PostDetailViewModel.swift */ = {isa = PBXFileReference; lastKnownFileType = sourcecode.swift; path = PostDetailViewModel.swift; sourceTree = "<group>"; };
/* End PBXFileReference section */

/* Begin PBXFrameworksBuildPhase section */
		907EF1D928BBBA7E008A7562 /* Frameworks */ = {
			isa = PBXFrameworksBuildPhase;
			buildActionMask = 2147483647;
			files = (
				90EC085128D873AD00E34BCE /* Kingfisher in Frameworks */,
				90FCBE0428D4C0F400E0A9E3 /* Moya in Frameworks */,
				90FCBE0228D4C0F400E0A9E3 /* CombineMoya in Frameworks */,
				90FCBE0B28D4C12700E0A9E3 /* SwiftUIFlowLayout in Frameworks */,
				90FCBE0828D4C0F400E0A9E3 /* RxMoya in Frameworks */,
				90E9557D28DC04F1005132C9 /* SkeletonUI in Frameworks */,
				90FCBE0628D4C0F400E0A9E3 /* ReactiveMoya in Frameworks */,
				90EC085C28D9947F00E34BCE /* SwiftUIPullToRefresh in Frameworks */,
				9039DBCB28DC944A00BE988C /* SocketIO in Frameworks */,
			);
			runOnlyForDeploymentPostprocessing = 0;
		};
/* End PBXFrameworksBuildPhase section */

/* Begin PBXGroup section */
		4B7F0AA628BEE22700BBA52D /* MoyaClient */ = {
			isa = PBXGroup;
			children = (
				4BC8992D28DA8D0700189553 /* UserClient.swift */,
				4B7F0AA928BEE25900BBA52D /* PostClient.swift */,
			);
			path = MoyaClient;
			sourceTree = "<group>";
		};
		4B7F0AAB28BEF0B700BBA52D /* Header */ = {
			isa = PBXGroup;
			children = (
				4B7F0AAC28BEF0C300BBA52D /* Header.swift */,
			);
			path = Header;
			sourceTree = "<group>";
		};
		4BC8990428DA8CA000189553 /* user */ = {
			isa = PBXGroup;
			children = (
				4BC8991428DA8CA000189553 /* Email */,
				4BC8991128DA8CA000189553 /* Get */,
				4BC8990828DA8CA000189553 /* Change */,
				4BC8990E28DA8CA000189553 /* SignUp */,
				4BC8990528DA8CA000189553 /* Token */,
				4BC8990728DA8CA000189553 /* LoginViewModel.swift */,
				4BC8990B28DA8CA000189553 /* LogOutViewModel.swift */,
				4BC8990C28DA8CA000189553 /* FindPasswordEmailViewModel.swift */,
				4BC8990D28DA8CA000189553 /* QuitAccountViewModel.swift */,
			);
			path = user;
			sourceTree = "<group>";
		};
		4BC8990528DA8CA000189553 /* Token */ = {
			isa = PBXGroup;
			children = (
				4BC8990628DA8CA000189553 /* TokenAuthViewModel.swift */,
			);
			path = Token;
			sourceTree = "<group>";
		};
		4BC8990828DA8CA000189553 /* Change */ = {
			isa = PBXGroup;
			children = (
				4BC8990928DA8CA000189553 /* ChangeMyInfoViewModel.swift */,
				4BC8990A28DA8CA000189553 /* ChangePasswordViewModel.swift */,
			);
			path = Change;
			sourceTree = "<group>";
		};
		4BC8990E28DA8CA000189553 /* SignUp */ = {
			isa = PBXGroup;
			children = (
				4BC8990F28DA8CA000189553 /* SignUpViewModel.swift */,
				4BC8991028DA8CA000189553 /* SignUpValueCheckViewModel.swift */,
			);
			path = SignUp;
			sourceTree = "<group>";
		};
		4BC8991128DA8CA000189553 /* Get */ = {
			isa = PBXGroup;
			children = (
				4BC8991228DA8CA000189553 /* GetMyProfileViewModel.swift */,
				4BC8991328DA8CA000189553 /* GetUserProfileViewModel.swift */,
			);
			path = Get;
			sourceTree = "<group>";
		};
		4BC8991428DA8CA000189553 /* Email */ = {
			isa = PBXGroup;
			children = (
				4BC8991528DA8CA000189553 /* EmailDuplicateViewModel.swift */,
				4BC8991628DA8CA000189553 /* SendEmailViewModel.swift */,
				4BC8991728DA8CA000189553 /* EmailVerifyViewModel.swift */,
			);
			path = Email;
			sourceTree = "<group>";
		};
		4BC8992628DA8CD800189553 /* SignUpView */ = {
			isa = PBXGroup;
			children = (
				4BC8992928DA8CD800189553 /* SignUpView.swift */,
				4BC8992728DA8CD800189553 /* SignUpEmailVerifyView.swift */,
				4BC8992828DA8CD800189553 /* signUpSuccessView.swift */,
			);
			path = SignUpView;
			sourceTree = "<group>";
		};
		4BC8992F28DA96F300189553 /* Plugin */ = {
			isa = PBXGroup;
			children = (
				4BC8993028DA973000189553 /* MoyaLoggerPlugin.swift */,
			);
			path = Plugin;
			sourceTree = "<group>";
		};
		4BC8993728DC3EFA00189553 /* Preview Content */ = {
			isa = PBXGroup;
			children = (
				4BC8993528DC3E7400189553 /* Preview Assets.xcassets */,
			);
			path = "Preview Content";
			sourceTree = "<group>";
		};
		4BE919CA28CEF0850002A268 /* PasswordChangeView */ = {
			isa = PBXGroup;
			children = (
				4BE919CB28CEF0C40002A268 /* ChangePasswordVerify.swift */,
				4BE919CD28CEF0CE0002A268 /* EnterNewPassword.swift */,
				4BE919CF28CEF0D60002A268 /* ChangePasswordSuccess.swift */,
			);
			path = PasswordChangeView;
			sourceTree = "<group>";
		};
		4BE919D228CF65750002A268 /* Model */ = {
			isa = PBXGroup;
			children = (
				4BE919D628CF678A0002A268 /* ErrorModel.swift */,
				90A05CB828D2FFDF0031E71B /* user */,
				90A05CB928D2FFE70031E71B /* post */,
				900990F628D05D7400FD9462 /* UploadImageModel.swift */,
				9039DBCC28DC9E3C00BE988C /* SwiftUIView.swift */,
			);
			path = Model;
			sourceTree = "<group>";
		};
		4BE919DF28D071AB0002A268 /* ViewModels */ = {
			isa = PBXGroup;
			children = (
				4BC8990428DA8CA000189553 /* user */,
				900990F928D0B36300FD9462 /* post */,
			);
			path = ViewModels;
			sourceTree = "<group>";
		};
		900990F928D0B36300FD9462 /* post */ = {
			isa = PBXGroup;
			children = (
				90A05CAC28D0B78C0031E71B /* PostViewModel.swift */,
				9001F5FB28D3931700EC1F23 /* HomeViewModel.swift */,
				90FCBE0E28D4C12700E0A9E3 /* PostDetailViewModel.swift */,
				90EC085D28D9AE5A00E34BCE /* SearchViewModel.swift */,
				90EC086128D9D64400E34BCE /* MyViewModel.swift */,
				90EC086528DAA03700E34BCE /* EditPostViewModel.swift */,
			);
			path = post;
			sourceTree = "<group>";
		};
		907EF1D328BBBA7E008A7562 = {
			isa = PBXGroup;
			children = (
				907EF1DE28BBBA7E008A7562 /* Togather */,
				907EF1DD28BBBA7E008A7562 /* Products */,
			);
			sourceTree = "<group>";
		};
		907EF1DD28BBBA7E008A7562 /* Products */ = {
			isa = PBXGroup;
			children = (
				907EF1DC28BBBA7E008A7562 /* Togather.app */,
			);
			name = Products;
			sourceTree = "<group>";
		};
		907EF1DE28BBBA7E008A7562 /* Togather */ = {
			isa = PBXGroup;
			children = (
				90D1C6ED28BF9B8900B653C3 /* Font */,
				4BE919DF28D071AB0002A268 /* ViewModels */,
				4BE919D228CF65750002A268 /* Model */,
				907EF1DF28BBBA7E008A7562 /* DrawApp.swift */,
				908ED77028CA5A4600763AC9 /* Launch Screen.storyboard */,
				907EF1E128BBBA7E008A7562 /* ContentView.swift */,
				90D1C6E028BF6D8800B653C3 /* View */,
				4B7F0AAB28BEF0B700BBA52D /* Header */,
				4B7F0AA628BEE22700BBA52D /* MoyaClient */,
				4BC8992F28DA96F300189553 /* Plugin */,
				907EF1E328BBBA81008A7562 /* Assets.xcassets */,
				90D1C70028BF9BF000B653C3 /* Info.plist */,
				4BC8993728DC3EFA00189553 /* Preview Content */,
			);
			path = Togather;
			sourceTree = "<group>";
		};
		908ED77228CB787900763AC9 /* myview -> */ = {
			isa = PBXGroup;
			children = (
				908ED77328CB789100763AC9 /* EditInfo.swift */,
				90C50A5228CC8254007EA639 /* DeleteAccount.swift */,
				4BE919CA28CEF0850002A268 /* PasswordChangeView */,
				900990A728CDDBA300FD9462 /* MyPost.swift */,
				906908AD28CDC49C00BBF0B7 /* Developers.swift */,
			);
			path = "myview ->";
			sourceTree = "<group>";
		};
		90A05CB828D2FFDF0031E71B /* user */ = {
			isa = PBXGroup;
			children = (
				4BE919D328CF65880002A268 /* TokenModel.swift */,
				900990EA28D033C000FD9462 /* MyProfileModel.swift */,
				90A05CBA28D300CD0031E71B /* UserProfileModel.swift */,
			);
			path = user;
			sourceTree = "<group>";
		};
		90A05CB928D2FFE70031E71B /* post */ = {
			isa = PBXGroup;
			children = (
				900990EE28D04EE700FD9462 /* MyPostModel.swift */,
				90A05CBC28D304220031E71B /* UserPostModel.swift */,
				900990F028D0586C00FD9462 /* PostDetailModel.swift */,
				90A05CBE28D306040031E71B /* TagListModel.swift */,
			);
			path = post;
			sourceTree = "<group>";
		};
		90D1C6E028BF6D8800B653C3 /* View */ = {
			isa = PBXGroup;
			children = (
				4BC8992628DA8CD800189553 /* SignUpView */,
				900990A928CE3E7E00FD9462 /* SignInView.swift */,
				90D1C6E128BF6DBA00B653C3 /* TabBarView.swift */,
				90D1C6E328BF6E1300B653C3 /* ShowView.swift */,
				90D1C6E528BF6E2300B653C3 /* HomeView.swift */,
				90D1C6E728BF6E3000B653C3 /* WritingView.swift */,
				90C50A5628CCBE8C007EA639 /* PostDetail.swift */,
				90EC086328DA9FDD00E34BCE /* EditPostView.swift */,
				90D1C6EB28BF7C8E00B653C3 /* SearchView.swift */,
				90D1C6E928BF6E3D00B653C3 /* MyView.swift */,
				908ED77228CB787900763AC9 /* myview -> */,
			);
			path = View;
			sourceTree = "<group>";
		};
		90D1C6ED28BF9B8900B653C3 /* Font */ = {
			isa = PBXGroup;
			children = (
				4BE1C60728CDE9B60052AE3D /* Pretendard-Black.otf */,
				4BE1C60C28CDE9B60052AE3D /* Pretendard-Bold.otf */,
				4BE1C60928CDE9B60052AE3D /* Pretendard-ExtraBold.otf */,
				4BE1C60E28CDE9B60052AE3D /* Pretendard-ExtraLight.otf */,
				4BE1C60B28CDE9B60052AE3D /* Pretendard-Light.otf */,
				4BE1C60F28CDE9B60052AE3D /* Pretendard-Medium.otf */,
				4BE1C60828CDE9B60052AE3D /* Pretendard-Regular.otf */,
				4BE1C60D28CDE9B60052AE3D /* Pretendard-SemiBold.otf */,
				4BE1C60A28CDE9B60052AE3D /* Pretendard-Thin.otf */,
			);
			path = Font;
			sourceTree = "<group>";
		};
/* End PBXGroup section */

/* Begin PBXNativeTarget section */
		907EF1DB28BBBA7E008A7562 /* Togather */ = {
			isa = PBXNativeTarget;
			buildConfigurationList = 907EF1EA28BBBA81008A7562 /* Build configuration list for PBXNativeTarget "Togather" */;
			buildPhases = (
				907EF1D828BBBA7E008A7562 /* Sources */,
				907EF1D928BBBA7E008A7562 /* Frameworks */,
				907EF1DA28BBBA7E008A7562 /* Resources */,
			);
			buildRules = (
			);
			dependencies = (
			);
			name = Togather;
			packageProductDependencies = (
				90FCBE0128D4C0F400E0A9E3 /* CombineMoya */,
				90FCBE0328D4C0F400E0A9E3 /* Moya */,
				90FCBE0528D4C0F400E0A9E3 /* ReactiveMoya */,
				90FCBE0728D4C0F400E0A9E3 /* RxMoya */,
				90FCBE0A28D4C12700E0A9E3 /* SwiftUIFlowLayout */,
				90EC085028D873AD00E34BCE /* Kingfisher */,
				90EC085B28D9947F00E34BCE /* SwiftUIPullToRefresh */,
				90E9557C28DC04F1005132C9 /* SkeletonUI */,
				9039DBCA28DC944A00BE988C /* SocketIO */,
			);
			productName = Draw;
			productReference = 907EF1DC28BBBA7E008A7562 /* Togather.app */;
			productType = "com.apple.product-type.application";
		};
/* End PBXNativeTarget section */

/* Begin PBXProject section */
		907EF1D428BBBA7E008A7562 /* Project object */ = {
			isa = PBXProject;
			attributes = {
				BuildIndependentTargetsInParallel = 1;
				LastSwiftUpdateCheck = 1340;
				LastUpgradeCheck = 1340;
				TargetAttributes = {
					907EF1DB28BBBA7E008A7562 = {
						CreatedOnToolsVersion = 13.4.1;
					};
				};
			};
			buildConfigurationList = 907EF1D728BBBA7E008A7562 /* Build configuration list for PBXProject "Togather" */;
			compatibilityVersion = "Xcode 13.0";
			developmentRegion = en;
			hasScannedForEncodings = 0;
			knownRegions = (
				en,
				Base,
			);
			mainGroup = 907EF1D328BBBA7E008A7562;
			packageReferences = (
				90FCBE0028D4C0F400E0A9E3 /* XCRemoteSwiftPackageReference "Moya" */,
				90FCBE0928D4C12700E0A9E3 /* XCRemoteSwiftPackageReference "swiftui-flow-layout" */,
				90EC084F28D873AD00E34BCE /* XCRemoteSwiftPackageReference "Kingfisher" */,
				90EC085A28D9947F00E34BCE /* XCRemoteSwiftPackageReference "swiftui-pull-to-refresh" */,
				90E9557B28DC04F0005132C9 /* XCRemoteSwiftPackageReference "SkeletonUI" */,
				9039DBC928DC944A00BE988C /* XCRemoteSwiftPackageReference "socket" */,
			);
			productRefGroup = 907EF1DD28BBBA7E008A7562 /* Products */;
			projectDirPath = "";
			projectRoot = "";
			targets = (
				907EF1DB28BBBA7E008A7562 /* Togather */,
			);
		};
/* End PBXProject section */

/* Begin PBXResourcesBuildPhase section */
		907EF1DA28BBBA7E008A7562 /* Resources */ = {
			isa = PBXResourcesBuildPhase;
			buildActionMask = 2147483647;
			files = (
				4BE1C61428CDE9B60052AE3D /* Pretendard-Light.otf in Resources */,
				908ED77128CA5A4600763AC9 /* Launch Screen.storyboard in Resources */,
				4BE1C61328CDE9B60052AE3D /* Pretendard-Thin.otf in Resources */,
				4BE1C61228CDE9B60052AE3D /* Pretendard-ExtraBold.otf in Resources */,
				4BC8993628DC3E7400189553 /* Preview Assets.xcassets in Resources */,
				4BE1C61128CDE9B60052AE3D /* Pretendard-Regular.otf in Resources */,
				4BE1C61028CDE9B60052AE3D /* Pretendard-Black.otf in Resources */,
				4BE1C61628CDE9B60052AE3D /* Pretendard-SemiBold.otf in Resources */,
				4BE1C61528CDE9B60052AE3D /* Pretendard-Bold.otf in Resources */,
				907EF1E428BBBA81008A7562 /* Assets.xcassets in Resources */,
				4BE1C61728CDE9B60052AE3D /* Pretendard-ExtraLight.otf in Resources */,
				4BE1C61828CDE9B60052AE3D /* Pretendard-Medium.otf in Resources */,
			);
			runOnlyForDeploymentPostprocessing = 0;
		};
/* End PBXResourcesBuildPhase section */

/* Begin PBXSourcesBuildPhase section */
		907EF1D828BBBA7E008A7562 /* Sources */ = {
			isa = PBXSourcesBuildPhase;
			buildActionMask = 2147483647;
			files = (
				4BC8991B28DA8CA000189553 /* ChangePasswordViewModel.swift in Sources */,
				4BC8991E28DA8CA000189553 /* QuitAccountViewModel.swift in Sources */,
				90A05CBD28D304220031E71B /* UserPostModel.swift in Sources */,
				90C50A5728CCBE8C007EA639 /* PostDetail.swift in Sources */,
				4BC8992528DA8CA000189553 /* EmailVerifyViewModel.swift in Sources */,
				900990EF28D04EE700FD9462 /* MyPostModel.swift in Sources */,
				90A05CBF28D306040031E71B /* TagListModel.swift in Sources */,
				90EC086628DAA03700E34BCE /* EditPostViewModel.swift in Sources */,
				4B7F0AAD28BEF0C300BBA52D /* Header.swift in Sources */,
				4B7F0AAA28BEE25900BBA52D /* PostClient.swift in Sources */,
				900990A828CDDBA300FD9462 /* MyPost.swift in Sources */,
				4BC8992028DA8CA000189553 /* SignUpValueCheckViewModel.swift in Sources */,
				90FCBE0F28D4C12700E0A9E3 /* PostDetailViewModel.swift in Sources */,
				4BC8991928DA8CA000189553 /* LoginViewModel.swift in Sources */,
				90C50A5328CC8254007EA639 /* DeleteAccount.swift in Sources */,
				90EC085E28D9AE5A00E34BCE /* SearchViewModel.swift in Sources */,
				4BC8991C28DA8CA000189553 /* LogOutViewModel.swift in Sources */,
				4BE919D728CF678A0002A268 /* ErrorModel.swift in Sources */,
				900990F128D0586C00FD9462 /* PostDetailModel.swift in Sources */,
				4BC8992428DA8CA000189553 /* SendEmailViewModel.swift in Sources */,
				90D1C6EA28BF6E3D00B653C3 /* MyView.swift in Sources */,
				90EC086428DA9FDD00E34BCE /* EditPostView.swift in Sources */,
				908ED77428CB789100763AC9 /* EditInfo.swift in Sources */,
				900990F728D05D7400FD9462 /* UploadImageModel.swift in Sources */,
				9039DBCD28DC9E3C00BE988C /* SwiftUIView.swift in Sources */,
				4BC8992228DA8CA000189553 /* GetUserProfileViewModel.swift in Sources */,
				906908AE28CDC49C00BBF0B7 /* Developers.swift in Sources */,
				4BE919CE28CEF0CF0002A268 /* EnterNewPassword.swift in Sources */,
				4BC8991A28DA8CA000189553 /* ChangeMyInfoViewModel.swift in Sources */,
				4BC8992328DA8CA000189553 /* EmailDuplicateViewModel.swift in Sources */,
				4BC8991F28DA8CA000189553 /* SignUpViewModel.swift in Sources */,
				4BC8991828DA8CA000189553 /* TokenAuthViewModel.swift in Sources */,
				90A05CAD28D0B78C0031E71B /* PostViewModel.swift in Sources */,
				4BC8993128DA973000189553 /* MoyaLoggerPlugin.swift in Sources */,
				90D1C6E828BF6E3000B653C3 /* WritingView.swift in Sources */,
				907EF1E228BBBA7E008A7562 /* ContentView.swift in Sources */,
				4BC8992B28DA8CD800189553 /* signUpSuccessView.swift in Sources */,
				90D1C6E428BF6E1300B653C3 /* ShowView.swift in Sources */,
				90EC086228D9D64400E34BCE /* MyViewModel.swift in Sources */,
				4BE919D428CF65880002A268 /* TokenModel.swift in Sources */,
				4BE919CC28CEF0C40002A268 /* ChangePasswordVerify.swift in Sources */,
				90A05CBB28D300CD0031E71B /* UserProfileModel.swift in Sources */,
				4BC8991D28DA8CA000189553 /* FindPasswordEmailViewModel.swift in Sources */,
				900990EB28D033C000FD9462 /* MyProfileModel.swift in Sources */,
				4BC8992E28DA8D0700189553 /* UserClient.swift in Sources */,
				900990AA28CE3E7E00FD9462 /* SignInView.swift in Sources */,
				4BE919D028CEF0D60002A268 /* ChangePasswordSuccess.swift in Sources */,
				90D1C6E628BF6E2300B653C3 /* HomeView.swift in Sources */,
				4BC8992128DA8CA000189553 /* GetMyProfileViewModel.swift in Sources */,
				9001F5FC28D3931700EC1F23 /* HomeViewModel.swift in Sources */,
				4BC8992C28DA8CD800189553 /* SignUpView.swift in Sources */,
				90D1C6E228BF6DBA00B653C3 /* TabBarView.swift in Sources */,
				907EF1E028BBBA7E008A7562 /* DrawApp.swift in Sources */,
				90D1C6EC28BF7C8E00B653C3 /* SearchView.swift in Sources */,
				4BC8992A28DA8CD800189553 /* SignUpEmailVerifyView.swift in Sources */,
			);
			runOnlyForDeploymentPostprocessing = 0;
		};
/* End PBXSourcesBuildPhase section */

/* Begin XCBuildConfiguration section */
		907EF1E828BBBA81008A7562 /* Debug */ = {
			isa = XCBuildConfiguration;
			buildSettings = {
				ALWAYS_SEARCH_USER_PATHS = NO;
				CLANG_ANALYZER_NONNULL = YES;
				CLANG_ANALYZER_NUMBER_OBJECT_CONVERSION = YES_AGGRESSIVE;
				CLANG_CXX_LANGUAGE_STANDARD = "gnu++17";
				CLANG_ENABLE_MODULES = YES;
				CLANG_ENABLE_OBJC_ARC = YES;
				CLANG_ENABLE_OBJC_WEAK = YES;
				CLANG_WARN_BLOCK_CAPTURE_AUTORELEASING = YES;
				CLANG_WARN_BOOL_CONVERSION = YES;
				CLANG_WARN_COMMA = YES;
				CLANG_WARN_CONSTANT_CONVERSION = YES;
				CLANG_WARN_DEPRECATED_OBJC_IMPLEMENTATIONS = YES;
				CLANG_WARN_DIRECT_OBJC_ISA_USAGE = YES_ERROR;
				CLANG_WARN_DOCUMENTATION_COMMENTS = YES;
				CLANG_WARN_EMPTY_BODY = YES;
				CLANG_WARN_ENUM_CONVERSION = YES;
				CLANG_WARN_INFINITE_RECURSION = YES;
				CLANG_WARN_INT_CONVERSION = YES;
				CLANG_WARN_NON_LITERAL_NULL_CONVERSION = YES;
				CLANG_WARN_OBJC_IMPLICIT_RETAIN_SELF = YES;
				CLANG_WARN_OBJC_LITERAL_CONVERSION = YES;
				CLANG_WARN_OBJC_ROOT_CLASS = YES_ERROR;
				CLANG_WARN_QUOTED_INCLUDE_IN_FRAMEWORK_HEADER = YES;
				CLANG_WARN_RANGE_LOOP_ANALYSIS = YES;
				CLANG_WARN_STRICT_PROTOTYPES = YES;
				CLANG_WARN_SUSPICIOUS_MOVE = YES;
				CLANG_WARN_UNGUARDED_AVAILABILITY = YES_AGGRESSIVE;
				CLANG_WARN_UNREACHABLE_CODE = YES;
				CLANG_WARN__DUPLICATE_METHOD_MATCH = YES;
				COPY_PHASE_STRIP = NO;
				DEBUG_INFORMATION_FORMAT = dwarf;
				ENABLE_STRICT_OBJC_MSGSEND = YES;
				ENABLE_TESTABILITY = YES;
				GCC_C_LANGUAGE_STANDARD = gnu11;
				GCC_DYNAMIC_NO_PIC = NO;
				GCC_NO_COMMON_BLOCKS = YES;
				GCC_OPTIMIZATION_LEVEL = 0;
				GCC_PREPROCESSOR_DEFINITIONS = (
					"DEBUG=1",
					"$(inherited)",
				);
				GCC_WARN_64_TO_32_BIT_CONVERSION = YES;
				GCC_WARN_ABOUT_RETURN_TYPE = YES_ERROR;
				GCC_WARN_UNDECLARED_SELECTOR = YES;
				GCC_WARN_UNINITIALIZED_AUTOS = YES_AGGRESSIVE;
				GCC_WARN_UNUSED_FUNCTION = YES;
				GCC_WARN_UNUSED_VARIABLE = YES;
				IPHONEOS_DEPLOYMENT_TARGET = 15.5;
				MTL_ENABLE_DEBUG_INFO = INCLUDE_SOURCE;
				MTL_FAST_MATH = YES;
				ONLY_ACTIVE_ARCH = YES;
				SDKROOT = iphoneos;
				SWIFT_ACTIVE_COMPILATION_CONDITIONS = DEBUG;
				SWIFT_OPTIMIZATION_LEVEL = "-Onone";
			};
			name = Debug;
		};
		907EF1E928BBBA81008A7562 /* Release */ = {
			isa = XCBuildConfiguration;
			buildSettings = {
				ALWAYS_SEARCH_USER_PATHS = NO;
				CLANG_ANALYZER_NONNULL = YES;
				CLANG_ANALYZER_NUMBER_OBJECT_CONVERSION = YES_AGGRESSIVE;
				CLANG_CXX_LANGUAGE_STANDARD = "gnu++17";
				CLANG_ENABLE_MODULES = YES;
				CLANG_ENABLE_OBJC_ARC = YES;
				CLANG_ENABLE_OBJC_WEAK = YES;
				CLANG_WARN_BLOCK_CAPTURE_AUTORELEASING = YES;
				CLANG_WARN_BOOL_CONVERSION = YES;
				CLANG_WARN_COMMA = YES;
				CLANG_WARN_CONSTANT_CONVERSION = YES;
				CLANG_WARN_DEPRECATED_OBJC_IMPLEMENTATIONS = YES;
				CLANG_WARN_DIRECT_OBJC_ISA_USAGE = YES_ERROR;
				CLANG_WARN_DOCUMENTATION_COMMENTS = YES;
				CLANG_WARN_EMPTY_BODY = YES;
				CLANG_WARN_ENUM_CONVERSION = YES;
				CLANG_WARN_INFINITE_RECURSION = YES;
				CLANG_WARN_INT_CONVERSION = YES;
				CLANG_WARN_NON_LITERAL_NULL_CONVERSION = YES;
				CLANG_WARN_OBJC_IMPLICIT_RETAIN_SELF = YES;
				CLANG_WARN_OBJC_LITERAL_CONVERSION = YES;
				CLANG_WARN_OBJC_ROOT_CLASS = YES_ERROR;
				CLANG_WARN_QUOTED_INCLUDE_IN_FRAMEWORK_HEADER = YES;
				CLANG_WARN_RANGE_LOOP_ANALYSIS = YES;
				CLANG_WARN_STRICT_PROTOTYPES = YES;
				CLANG_WARN_SUSPICIOUS_MOVE = YES;
				CLANG_WARN_UNGUARDED_AVAILABILITY = YES_AGGRESSIVE;
				CLANG_WARN_UNREACHABLE_CODE = YES;
				CLANG_WARN__DUPLICATE_METHOD_MATCH = YES;
				COPY_PHASE_STRIP = NO;
				DEBUG_INFORMATION_FORMAT = "dwarf-with-dsym";
				ENABLE_NS_ASSERTIONS = NO;
				ENABLE_STRICT_OBJC_MSGSEND = YES;
				GCC_C_LANGUAGE_STANDARD = gnu11;
				GCC_NO_COMMON_BLOCKS = YES;
				GCC_WARN_64_TO_32_BIT_CONVERSION = YES;
				GCC_WARN_ABOUT_RETURN_TYPE = YES_ERROR;
				GCC_WARN_UNDECLARED_SELECTOR = YES;
				GCC_WARN_UNINITIALIZED_AUTOS = YES_AGGRESSIVE;
				GCC_WARN_UNUSED_FUNCTION = YES;
				GCC_WARN_UNUSED_VARIABLE = YES;
				IPHONEOS_DEPLOYMENT_TARGET = 15.5;
				MTL_ENABLE_DEBUG_INFO = NO;
				MTL_FAST_MATH = YES;
				SDKROOT = iphoneos;
				SWIFT_COMPILATION_MODE = wholemodule;
				SWIFT_OPTIMIZATION_LEVEL = "-O";
				VALIDATE_PRODUCT = YES;
			};
			name = Release;
		};
		907EF1EB28BBBA81008A7562 /* Debug */ = {
			isa = XCBuildConfiguration;
			buildSettings = {
				ASSETCATALOG_COMPILER_APPICON_NAME = AppIcon;
				ASSETCATALOG_COMPILER_GLOBAL_ACCENT_COLOR_NAME = AccentColor;
				CODE_SIGN_STYLE = Automatic;
				CURRENT_PROJECT_VERSION = 1;
				DEVELOPMENT_ASSET_PATHS = "\"Togather/Preview Content\"";
				DEVELOPMENT_TEAM = 63UM6H56P2;
				ENABLE_PREVIEWS = YES;
				GENERATE_INFOPLIST_FILE = YES;
				INFOPLIST_FILE = Togather/Info.plist;
				INFOPLIST_KEY_CFBundleDisplayName = Togather;
				INFOPLIST_KEY_UIApplicationSceneManifest_Generation = YES;
				INFOPLIST_KEY_UIApplicationSupportsIndirectInputEvents = YES;
				INFOPLIST_KEY_UILaunchScreen_Generation = YES;
				INFOPLIST_KEY_UILaunchStoryboardName = "Launch Screen";
				INFOPLIST_KEY_UIStatusBarHidden = NO;
				INFOPLIST_KEY_UISupportedInterfaceOrientations_iPad = "UIInterfaceOrientationPortrait UIInterfaceOrientationPortraitUpsideDown UIInterfaceOrientationLandscapeLeft UIInterfaceOrientationLandscapeRight";
				INFOPLIST_KEY_UISupportedInterfaceOrientations_iPhone = "UIInterfaceOrientationPortrait UIInterfaceOrientationLandscapeLeft UIInterfaceOrientationLandscapeRight";
				LD_RUNPATH_SEARCH_PATHS = (
					"$(inherited)",
					"@executable_path/Frameworks",
				);
				MARKETING_VERSION = 1.0;
				PRODUCT_BUNDLE_IDENTIFIER = D.PRIME.Togather0304;
				PRODUCT_NAME = "$(TARGET_NAME)";
				SWIFT_EMIT_LOC_STRINGS = YES;
				SWIFT_VERSION = 5.0;
				TARGETED_DEVICE_FAMILY = 1;
			};
			name = Debug;
		};
		907EF1EC28BBBA81008A7562 /* Release */ = {
			isa = XCBuildConfiguration;
			buildSettings = {
				ASSETCATALOG_COMPILER_APPICON_NAME = AppIcon;
				ASSETCATALOG_COMPILER_GLOBAL_ACCENT_COLOR_NAME = AccentColor;
				CODE_SIGN_STYLE = Automatic;
				CURRENT_PROJECT_VERSION = 1;
				DEVELOPMENT_ASSET_PATHS = "\"Togather/Preview Content\"";
				DEVELOPMENT_TEAM = 63UM6H56P2;
				ENABLE_PREVIEWS = YES;
				GENERATE_INFOPLIST_FILE = YES;
				INFOPLIST_FILE = Togather/Info.plist;
				INFOPLIST_KEY_CFBundleDisplayName = Togather;
				INFOPLIST_KEY_UIApplicationSceneManifest_Generation = YES;
				INFOPLIST_KEY_UIApplicationSupportsIndirectInputEvents = YES;
				INFOPLIST_KEY_UILaunchScreen_Generation = YES;
				INFOPLIST_KEY_UILaunchStoryboardName = "Launch Screen";
				INFOPLIST_KEY_UIStatusBarHidden = NO;
				INFOPLIST_KEY_UISupportedInterfaceOrientations_iPad = "UIInterfaceOrientationPortrait UIInterfaceOrientationPortraitUpsideDown UIInterfaceOrientationLandscapeLeft UIInterfaceOrientationLandscapeRight";
				INFOPLIST_KEY_UISupportedInterfaceOrientations_iPhone = "UIInterfaceOrientationPortrait UIInterfaceOrientationLandscapeLeft UIInterfaceOrientationLandscapeRight";
				LD_RUNPATH_SEARCH_PATHS = (
					"$(inherited)",
					"@executable_path/Frameworks",
				);
				MARKETING_VERSION = 1.0;
				PRODUCT_BUNDLE_IDENTIFIER = D.PRIME.Togather0304;
				PRODUCT_NAME = "$(TARGET_NAME)";
				SWIFT_EMIT_LOC_STRINGS = YES;
				SWIFT_VERSION = 5.0;
				TARGETED_DEVICE_FAMILY = 1;
			};
			name = Release;
		};
/* End XCBuildConfiguration section */

/* Begin XCConfigurationList section */
		907EF1D728BBBA7E008A7562 /* Build configuration list for PBXProject "Togather" */ = {
			isa = XCConfigurationList;
			buildConfigurations = (
				907EF1E828BBBA81008A7562 /* Debug */,
				907EF1E928BBBA81008A7562 /* Release */,
			);
			defaultConfigurationIsVisible = 0;
			defaultConfigurationName = Release;
		};
		907EF1EA28BBBA81008A7562 /* Build configuration list for PBXNativeTarget "Togather" */ = {
			isa = XCConfigurationList;
			buildConfigurations = (
				907EF1EB28BBBA81008A7562 /* Debug */,
				907EF1EC28BBBA81008A7562 /* Release */,
			);
			defaultConfigurationIsVisible = 0;
			defaultConfigurationName = Release;
		};
/* End XCConfigurationList section */

/* Begin XCRemoteSwiftPackageReference section */
		9039DBC928DC944A00BE988C /* XCRemoteSwiftPackageReference "socket" */ = {
			isa = XCRemoteSwiftPackageReference;
			repositoryURL = "https://github.com/socketio/socket.io-client-swift";
			requirement = {
				branch = master;
				kind = branch;
			};
		};
		90E9557B28DC04F0005132C9 /* XCRemoteSwiftPackageReference "SkeletonUI" */ = {
			isa = XCRemoteSwiftPackageReference;
			repositoryURL = "https://github.com/CSolanaM/SkeletonUI";
			requirement = {
				kind = upToNextMajorVersion;
				minimumVersion = 1.0.0;
			};
		};
		90EC084F28D873AD00E34BCE /* XCRemoteSwiftPackageReference "Kingfisher" */ = {
			isa = XCRemoteSwiftPackageReference;
			repositoryURL = "https://github.com/onevcat/Kingfisher.git";
			requirement = {
				kind = upToNextMajorVersion;
				minimumVersion = 7.0.0;
			};
		};
		90EC085A28D9947F00E34BCE /* XCRemoteSwiftPackageReference "swiftui-pull-to-refresh" */ = {
			isa = XCRemoteSwiftPackageReference;
			repositoryURL = "https://github.com/globulus/swiftui-pull-to-refresh";
			requirement = {
				kind = upToNextMajorVersion;
				minimumVersion = 1.0.0;
			};
		};
		90FCBE0028D4C0F400E0A9E3 /* XCRemoteSwiftPackageReference "Moya" */ = {
			isa = XCRemoteSwiftPackageReference;
			repositoryURL = "https://github.com/Moya/Moya.git";
			requirement = {
				branch = master;
				kind = branch;
			};
		};
		90FCBE0928D4C12700E0A9E3 /* XCRemoteSwiftPackageReference "swiftui-flow-layout" */ = {
			isa = XCRemoteSwiftPackageReference;
			repositoryURL = "https://github.com/globulus/swiftui-flow-layout";
			requirement = {
				kind = versionRange;
				maximumVersion = 2.0.0;
				minimumVersion = 1.0.0;
			};
		};
/* End XCRemoteSwiftPackageReference section */

/* Begin XCSwiftPackageProductDependency section */
		9039DBCA28DC944A00BE988C /* SocketIO */ = {
			isa = XCSwiftPackageProductDependency;
			package = 9039DBC928DC944A00BE988C /* XCRemoteSwiftPackageReference "socket" */;
			productName = SocketIO;
		};
		90E9557C28DC04F1005132C9 /* SkeletonUI */ = {
			isa = XCSwiftPackageProductDependency;
			package = 90E9557B28DC04F0005132C9 /* XCRemoteSwiftPackageReference "SkeletonUI" */;
			productName = SkeletonUI;
		};
		90EC085028D873AD00E34BCE /* Kingfisher */ = {
			isa = XCSwiftPackageProductDependency;
			package = 90EC084F28D873AD00E34BCE /* XCRemoteSwiftPackageReference "Kingfisher" */;
			productName = Kingfisher;
		};
		90EC085B28D9947F00E34BCE /* SwiftUIPullToRefresh */ = {
			isa = XCSwiftPackageProductDependency;
			package = 90EC085A28D9947F00E34BCE /* XCRemoteSwiftPackageReference "swiftui-pull-to-refresh" */;
			productName = SwiftUIPullToRefresh;
		};
		90FCBE0128D4C0F400E0A9E3 /* CombineMoya */ = {
			isa = XCSwiftPackageProductDependency;
			package = 90FCBE0028D4C0F400E0A9E3 /* XCRemoteSwiftPackageReference "Moya" */;
			productName = CombineMoya;
		};
		90FCBE0328D4C0F400E0A9E3 /* Moya */ = {
			isa = XCSwiftPackageProductDependency;
			package = 90FCBE0028D4C0F400E0A9E3 /* XCRemoteSwiftPackageReference "Moya" */;
			productName = Moya;
		};
		90FCBE0528D4C0F400E0A9E3 /* ReactiveMoya */ = {
			isa = XCSwiftPackageProductDependency;
			package = 90FCBE0028D4C0F400E0A9E3 /* XCRemoteSwiftPackageReference "Moya" */;
			productName = ReactiveMoya;
		};
		90FCBE0728D4C0F400E0A9E3 /* RxMoya */ = {
			isa = XCSwiftPackageProductDependency;
			package = 90FCBE0028D4C0F400E0A9E3 /* XCRemoteSwiftPackageReference "Moya" */;
			productName = RxMoya;
		};
		90FCBE0A28D4C12700E0A9E3 /* SwiftUIFlowLayout */ = {
			isa = XCSwiftPackageProductDependency;
			package = 90FCBE0928D4C12700E0A9E3 /* XCRemoteSwiftPackageReference "swiftui-flow-layout" */;
			productName = SwiftUIFlowLayout;
		};
/* End XCSwiftPackageProductDependency section */
	};
	rootObject = 907EF1D428BBBA7E008A7562 /* Project object */;
}
